
Microsoft Visual Studio Solution File, Format Version 12.00
# Visual Studio Version 17
VisualStudioVersion = 17.14.35806.103 d17.14
MinimumVisualStudioVersion = 10.0.40219.1
Project("{FAE04EC0-301F-11D3-BF4B-00C04F79EFBC}") = "Spotify", "Spotify\Spotify.csproj", "{CA7277B0-1F58-4777-8EF0-274D0DC106EE}"
EndProject
Global
	GlobalSection(SolutionConfigurationPlatforms) = preSolution
		Debug|Any CPU = Debug|Any CPU
		Release|Any CPU = Release|Any CPU
	EndGlobalSection
	GlobalSection(ProjectConfigurationPlatforms) = postSolution
		{CA7277B0-1F58-4777-8EF0-274D0DC106EE}.Debug|Any CPU.ActiveCfg = Debug|Any CPU
		{CA7277B0-1F58-4777-8EF0-274D0DC106EE}.Debug|Any CPU.Build.0 = Debug|Any CPU
		{CA7277B0-1F58-4777-8EF0-274D0DC106EE}.Release|Any CPU.ActiveCfg = Release|Any CPU
		{CA7277B0-1F58-4777-8EF0-274D0DC106EE}.Release|Any CPU.Build.0 = Release|Any CPU
	EndGlobalSection
	GlobalSection(SolutionProperties) = preSolution
		HideSolutionNode = FALSE
	EndGlobalSection
	GlobalSection(ExtensibilityGlobals) = postSolution
		SolutionGuid = {59CA91E9-1F93-4558-817E-98F954CD1AE7}
	EndGlobalSection
EndGlobal
